<?xml version="1.0" encoding="utf-8"?>
<Project ToolsVersion="4.0" xmlns="http://schemas.microsoft.com/developer/msbuild/2003">
  <ItemGroup>
    <Filter Include="Source Files">
      <UniqueIdentifier>{51e59d78-c634-45eb-b3a7-8f8d62caff9f}</UniqueIdentifier>
      <Extensions>cpp;c;cxx;rc;def;r;odl;idl;hpj;bat</Extensions>
    </Filter>
    <Filter Include="Header Files">
      <UniqueIdentifier>{0cc6b971-8f7e-440e-9dd4-62fa2f85071b}</UniqueIdentifier>
      <Extensions>h;hpp;hxx;hm;inl</Extensions>
    </Filter>
    <Filter Include="Resource Files">
      <UniqueIdentifier>{bd950e42-d757-4382-a1f6-38134391e0d3}</UniqueIdentifier>
      <Extensions>ico;cur;bmp;dlg;rc2;rct;bin;rgs;gif;jpg;jpeg;jpe</Extensions>
    </Filter>
  </ItemGroup>
  <ItemGroup>
    <ClCompile Include="Cryptography.cpp">
      <Filter>Source Files</Filter>
    </ClCompile>
    <ClCompile Include="DebugSupport.cpp">
      <Filter>Source Files</Filter>
    </ClCompile>
    <ClCompile Include="devlib.cpp">
      <Filter>Source Files</Filter>
    </ClCompile>
    <ClCompile Include="devlib_debug.cpp">
      <Filter>Source Files</Filter>
    </ClCompile>
    <ClCompile Include="devlib_file.cpp">
      <Filter>Source Files</Filter>
    </ClCompile>
    <ClCompile Include="devlib_main.cpp">
      <Filter>Source Files</Filter>
    </ClCompile>
    <ClCompile Include="DevString.cpp">
      <Filter>Source Files</Filter>
    </ClCompile>
    <ClCompile Include="EnvInfo.cpp">
      <Filter>Source Files</Filter>
    </ClCompile>
    <ClCompile Include="FileDialogEx.cpp">
      <Filter>Source Files</Filter>
    </ClCompile>
    <ClCompile Include="FolderDialog.cpp">
      <Filter>Source Files</Filter>
    </ClCompile>
    <ClCompile Include="ImageObject.cpp">
      <Filter>Source Files</Filter>
    </ClCompile>
    <ClCompile Include="StdAfx.cpp">
      <Filter>Source Files</Filter>
    </ClCompile>
    <ClCompile Include="StringEncode.cpp">
      <Filter>Source Files</Filter>
    </ClCompile>
  </ItemGroup>
  <ItemGroup>
    <ResourceCompile Include="devlib.rc">
      <Filter>Source Files</Filter>
    </ResourceCompile>
  </ItemGroup>
  <ItemGroup>
    <ClInclude Include="..\..\release\include\devlib\Cryptography.h">
      <Filter>Header Files</Filter>
    </ClInclude>
    <ClInclude Include="..\..\release\include\devlib\DebugSupport.h">
      <Filter>Header Files</Filter>
    </ClInclude>
    <ClInclude Include="..\..\release\include\devlib\devlib.h">
      <Filter>Header Files</Filter>
    </ClInclude>
    <ClInclude Include="..\..\release\include\devlib\DevString.h">
      <Filter>Header Files</Filter>
    </ClInclude>
    <ClInclude Include="..\..\release\include\devlib\devstructs.h">
      <Filter>Header Files</Filter>
    </ClInclude>
    <ClInclude Include="..\..\release\include\devlib\devtypedef.h">
      <Filter>Header Files</Filter>
    </ClInclude>
    <ClInclude Include="..\..\release\include\devlib\EnvInfo.h">
      <Filter>Header Files</Filter>
    </ClInclude>
    <ClInclude Include="..\..\release\include\devlib\FileDialogEx.h">
      <Filter>Header Files</Filter>
    </ClInclude>
    <ClInclude Include="..\..\release\include\devlib\FolderDialog.h">
      <Filter>Header Files</Filter>
    </ClInclude>
    <ClInclude Include="..\..\release\include\devlib\ImageObject.h">
      <Filter>Header Files</Filter>
    </ClInclude>
    <ClInclude Include="resource.h">
      <Filter>Header Files</Filter>
    </ClInclude>
    <ClInclude Include="StdAfx.h">
      <Filter>Header Files</Filter>
    </ClInclude>
    <ClInclude Include="..\..\release\include\devlib\StringEncode.h">
      <Filter>Header Files</Filter>
    </ClInclude>
  </ItemGroup>
  <ItemGroup>
    <CustomBuild Include="ReadMe.txt" />
  </ItemGroup>
</Project>