<?xml version="1.0" encoding="utf-8"?>
<Project ToolsVersion="4.0" xmlns="http://schemas.microsoft.com/developer/msbuild/2003">
  <ItemGroup>
    <Filter Include="Source Files">
      <UniqueIdentifier>{dade36dd-f885-4318-b726-430a2a833303}</UniqueIdentifier>
      <Extensions>cpp;c;cxx;rc;def;r;odl;idl;hpj;bat</Extensions>
    </Filter>
    <Filter Include="Header Files">
      <UniqueIdentifier>{26b24413-a9f8-4bed-87d4-0c62a3ac1f0b}</UniqueIdentifier>
      <Extensions>h;hpp;hxx;hm;inl</Extensions>
    </Filter>
    <Filter Include="Resource Files">
      <UniqueIdentifier>{ceb0fa5d-4cbc-4195-8818-461d91d76c10}</UniqueIdentifier>
      <Extensions>ico;cur;bmp;dlg;rc2;rct;bin;rgs;gif;jpg;jpeg;jpe</Extensions>
    </Filter>
  </ItemGroup>
  <ItemGroup>
    <ClCompile Include="AbstractWnd.cpp">
      <Filter>Source Files</Filter>
    </ClCompile>
    <ClCompile Include="BaseData.cpp">
      <Filter>Source Files</Filter>
    </ClCompile>
    <ClCompile Include="devmfc.cpp">
      <Filter>Source Files</Filter>
    </ClCompile>
    <ClCompile Include="EditEx.cpp">
      <Filter>Source Files</Filter>
    </ClCompile>
    <ClCompile Include="FileCtrl.cpp">
      <Filter>Source Files</Filter>
    </ClCompile>
    <ClCompile Include="FindFile.cpp">
      <Filter>Source Files</Filter>
    </ClCompile>
    <ClCompile Include="HwndTabCtrl.cpp">
      <Filter>Source Files</Filter>
    </ClCompile>
    <ClCompile Include="LineWnd.cpp">
      <Filter>Source Files</Filter>
    </ClCompile>
    <ClCompile Include="ListCtrlEx.cpp">
      <Filter>Source Files</Filter>
    </ClCompile>
    <ClCompile Include="ProgressStatusBar.cpp">
      <Filter>Source Files</Filter>
    </ClCompile>
    <ClCompile Include="RichEditCtrlEx.cpp">
      <Filter>Source Files</Filter>
    </ClCompile>
    <ClCompile Include="RichEditViewEx.cpp">
      <Filter>Source Files</Filter>
    </ClCompile>
    <ClCompile Include="StdAfx.cpp">
      <Filter>Source Files</Filter>
    </ClCompile>
    <ClCompile Include="TabCtrlEx.cpp">
      <Filter>Source Files</Filter>
    </ClCompile>
    <ClCompile Include="TabDropTarget.cpp">
      <Filter>Source Files</Filter>
    </ClCompile>
    <ClCompile Include="TabView.cpp">
      <Filter>Source Files</Filter>
    </ClCompile>
    <ClCompile Include="TreeCtrlEx.cpp">
      <Filter>Source Files</Filter>
    </ClCompile>
    <ClCompile Include="WndTabCtrl.cpp">
      <Filter>Source Files</Filter>
    </ClCompile>
    <ClCompile Include="XMLDocument.cpp">
      <Filter>Source Files</Filter>
    </ClCompile>
    <ClCompile Include="XMLItem.cpp">
      <Filter>Source Files</Filter>
    </ClCompile>
  </ItemGroup>
  <ItemGroup>
    <ResourceCompile Include="devmfc.rc">
      <Filter>Source Files</Filter>
    </ResourceCompile>
  </ItemGroup>
  <ItemGroup>
    <ClInclude Include="..\..\release\include\devmfc\AbstractWnd.h">
      <Filter>Header Files</Filter>
    </ClInclude>
    <ClInclude Include="..\..\release\include\devmfc\BaseData.h">
      <Filter>Header Files</Filter>
    </ClInclude>
    <ClInclude Include="devmfc.h">
      <Filter>Header Files</Filter>
    </ClInclude>
    <ClInclude Include="..\..\release\include\devmfc\EditEx.h">
      <Filter>Header Files</Filter>
    </ClInclude>
    <ClInclude Include="..\..\release\include\devmfc\FileCtrl.h">
      <Filter>Header Files</Filter>
    </ClInclude>
    <ClInclude Include="..\..\release\include\devmfc\FindFile.h">
      <Filter>Header Files</Filter>
    </ClInclude>
    <ClInclude Include="..\..\release\include\devmfc\HwndTabCtrl.h">
      <Filter>Header Files</Filter>
    </ClInclude>
    <ClInclude Include="..\..\release\include\devmfc\linewnd.h">
      <Filter>Header Files</Filter>
    </ClInclude>
    <ClInclude Include="..\..\release\include\devmfc\ListCtrlEx.h">
      <Filter>Header Files</Filter>
    </ClInclude>
    <ClInclude Include="..\..\release\include\devmfc\ProgressStatusBar.h">
      <Filter>Header Files</Filter>
    </ClInclude>
    <ClInclude Include="..\..\release\include\devmfc\richeditctrlex.h">
      <Filter>Header Files</Filter>
    </ClInclude>
    <ClInclude Include="..\..\release\include\devmfc\RichEditViewEx.h">
      <Filter>Header Files</Filter>
    </ClInclude>
    <ClInclude Include="..\..\release\include\devmfc\TabCtrlEx.h">
      <Filter>Header Files</Filter>
    </ClInclude>
    <ClInclude Include="..\..\release\include\devmfc\TabView.h">
      <Filter>Header Files</Filter>
    </ClInclude>
    <ClInclude Include="..\..\release\include\devmfc\TreeCtrlEx.h">
      <Filter>Header Files</Filter>
    </ClInclude>
    <ClInclude Include="..\..\release\include\devmfc\WndTabCtrl.h">
      <Filter>Header Files</Filter>
    </ClInclude>
    <ClInclude Include="..\..\release\include\devmfc\XMLDocument.h">
      <Filter>Header Files</Filter>
    </ClInclude>
    <ClInclude Include="..\..\release\include\devmfc\XMLItem.h">
      <Filter>Header Files</Filter>
    </ClInclude>
  </ItemGroup>
  <ItemGroup>
    <CustomBuild Include="devmfc.def">
      <Filter>Source Files</Filter>
    </CustomBuild>
    <CustomBuild Include="res\devmfc.rc2">
      <Filter>Resource Files</Filter>
    </CustomBuild>
    <CustomBuild Include="ReadMe.txt" />
  </ItemGroup>
</Project>